
Microsoft Visual Studio Solution File, Format Version 12.00
# Visual Studio 15
VisualStudioVersion = 15.0.27428.2015
MinimumVisualStudioVersion = 10.0.40219.1
Project("{FAE04EC0-301F-11D3-BF4B-00C04F79EFBC}") = "MusicallyApi", "MusicallyApi\MusicallyApi.csproj", "{A617DA43-7F72-4F1A-BB23-8C0C915105F6}"
EndProject
Project("{FAE04EC0-301F-11D3-BF4B-00C04F79EFBC}") = "MusicallyApi.Example", "MusicallyApi.Example\MusicallyApi.Example.csproj", "{A1BF98A2-FF14-4939-A48F-0182C9EACB6D}"
EndProject
Global
	GlobalSection(SolutionConfigurationPlatforms) = preSolution
		Debug|Any CPU = Debug|Any CPU
		Release|Any CPU = Release|Any CPU
	EndGlobalSection
	GlobalSection(ProjectConfigurationPlatforms) = postSolution
		{A617DA43-7F72-4F1A-BB23-8C0C915105F6}.Debug|Any CPU.ActiveCfg = Debug|Any CPU
		{A617DA43-7F72-4F1A-BB23-8C0C915105F6}.Debug|Any CPU.Build.0 = Debug|Any CPU
		{A617DA43-7F72-4F1A-BB23-8C0C915105F6}.Release|Any CPU.ActiveCfg = Release|Any CPU
		{A617DA43-7F72-4F1A-BB23-8C0C915105F6}.Release|Any CPU.Build.0 = Release|Any CPU
		{A1BF98A2-FF14-4939-A48F-0182C9EACB6D}.Debug|Any CPU.ActiveCfg = Debug|Any CPU
		{A1BF98A2-FF14-4939-A48F-0182C9EACB6D}.Debug|Any CPU.Build.0 = Debug|Any CPU
		{A1BF98A2-FF14-4939-A48F-0182C9EACB6D}.Release|Any CPU.ActiveCfg = Release|Any CPU
		{A1BF98A2-FF14-4939-A48F-0182C9EACB6D}.Release|Any CPU.Build.0 = Release|Any CPU
	EndGlobalSection
	GlobalSection(SolutionProperties) = preSolution
		HideSolutionNode = FALSE
	EndGlobalSection
	GlobalSection(ExtensibilityGlobals) = postSolution
		SolutionGuid = {407E977C-3E32-411C-BAAE-2B07ED1C9B44}
	EndGlobalSection
EndGlobal
